
Microsoft Visual Studio Solution File, Format Version 12.00
# Visual Studio Version 17
VisualStudioVersion = 17.11.35327.3
MinimumVisualStudioVersion = 10.0.40219.1
Project("{D2ABAB84-BF74-430A-B69E-9DC6D40DDA17}") = "SSAS_OLAP", "SSAS_OLAP\SSAS_OLAP.dwproj", "{DE15200F-77CD-475C-A2A7-AAAA0D26E7C9}"
EndProject
Global
	GlobalSection(SolutionConfigurationPlatforms) = preSolution
		Development|Default = Development|Default
	EndGlobalSection
	GlobalSection(ProjectConfigurationPlatforms) = postSolution
		{DE15200F-77CD-475C-A2A7-AAAA0D26E7C9}.Development|Default.ActiveCfg = Development
		{DE15200F-77CD-475C-A2A7-AAAA0D26E7C9}.Development|Default.Build.0 = Development
		{DE15200F-77CD-475C-A2A7-AAAA0D26E7C9}.Development|Default.Deploy.0 = Development
	EndGlobalSection
	GlobalSection(SolutionProperties) = preSolution
		HideSolutionNode = FALSE
	EndGlobalSection
	GlobalSection(ExtensibilityGlobals) = postSolution
		SolutionGuid = {8AB40652-72CF-4679-A2EF-6D86BFABB663}
	EndGlobalSection
EndGlobal
